Microsoft Visual Studio Solution File, Format Version 12.00
# Visual Studio Version 16
VisualStudioVersion = 16.0.0.0
MinimumVisualStudioVersion = 16.0.0.0
Project("{9A19103F-16F7-4668-BE54-9A1E7A4F7556}") = "WebSiteEngine.Server", "Server\WebSiteEngine.Server.csproj", "{4780B93C-F2BC-4353-B437-978FAE15C768}"
EndProject
Project("{9A19103F-16F7-4668-BE54-9A1E7A4F7556}") = "WebSiteEngine.Client", "Client\WebSiteEngine.Client.csproj", "{01661FB2-A8B1-476B-9842-3043B57B1ED4}"
EndProject
Project("{9A19103F-16F7-4668-BE54-9A1E7A4F7556}") = "WebSiteEngine.Shared", "Shared\WebSiteEngine.Shared.csproj", "{4B8E20A1-BC78-4CEF-A63F-EDD8EC100F43}"
EndProject
Global
	GlobalSection(SolutionConfigurationPlatforms) = preSolution
		Debug|Any CPU = Debug|Any CPU
		Debug|x64 = Debug|x64
		Debug|x86 = Debug|x86
		Release|Any CPU = Release|Any CPU
		Release|x64 = Release|x64
		Release|x86 = Release|x86
	EndGlobalSection
	GlobalSection(ProjectConfigurationPlatforms) = postSolution
		{4780B93C-F2BC-4353-B437-978FAE15C768}.Debug|Any CPU.ActiveCfg = Debug|Any CPU
		{4780B93C-F2BC-4353-B437-978FAE15C768}.Debug|Any CPU.Build.0 = Debug|Any CPU
		{4780B93C-F2BC-4353-B437-978FAE15C768}.Debug|x64.ActiveCfg = Debug|Any CPU
		{4780B93C-F2BC-4353-B437-978FAE15C768}.Debug|x64.Build.0 = Debug|Any CPU
		{4780B93C-F2BC-4353-B437-978FAE15C768}.Debug|x86.ActiveCfg = Debug|Any CPU
		{4780B93C-F2BC-4353-B437-978FAE15C768}.Debug|x86.Build.0 = Debug|Any CPU
		{4780B93C-F2BC-4353-B437-978FAE15C768}.Release|Any CPU.ActiveCfg = Release|Any CPU
		{4780B93C-F2BC-4353-B437-978FAE15C768}.Release|Any CPU.Build.0 = Release|Any CPU
		{4780B93C-F2BC-4353-B437-978FAE15C768}.Release|x64.ActiveCfg = Release|Any CPU
		{4780B93C-F2BC-4353-B437-978FAE15C768}.Release|x64.Build.0 = Release|Any CPU
		{4780B93C-F2BC-4353-B437-978FAE15C768}.Release|x86.ActiveCfg = Release|Any CPU
		{4780B93C-F2BC-4353-B437-978FAE15C768}.Release|x86.Build.0 = Release|Any CPU
		{01661FB2-A8B1-476B-9842-3043B57B1ED4}.Debug|Any CPU.ActiveCfg = Debug|Any CPU
		{01661FB2-A8B1-476B-9842-3043B57B1ED4}.Debug|Any CPU.Build.0 = Debug|Any CPU
		{01661FB2-A8B1-476B-9842-3043B57B1ED4}.Debug|x64.ActiveCfg = Debug|Any CPU
		{01661FB2-A8B1-476B-9842-3043B57B1ED4}.Debug|x64.Build.0 = Debug|Any CPU
		{01661FB2-A8B1-476B-9842-3043B57B1ED4}.Debug|x86.ActiveCfg = Debug|Any CPU
		{01661FB2-A8B1-476B-9842-3043B57B1ED4}.Debug|x86.Build.0 = Debug|Any CPU
		{01661FB2-A8B1-476B-9842-3043B57B1ED4}.Release|Any CPU.ActiveCfg = Release|Any CPU
		{01661FB2-A8B1-476B-9842-3043B57B1ED4}.Release|Any CPU.Build.0 = Release|Any CPU
		{01661FB2-A8B1-476B-9842-3043B57B1ED4}.Release|x64.ActiveCfg = Release|Any CPU
		{01661FB2-A8B1-476B-9842-3043B57B1ED4}.Release|x64.Build.0 = Release|Any CPU
		{01661FB2-A8B1-476B-9842-3043B57B1ED4}.Release|x86.ActiveCfg = Release|Any CPU
		{01661FB2-A8B1-476B-9842-3043B57B1ED4}.Release|x86.Build.0 = Release|Any CPU
		{4B8E20A1-BC78-4CEF-A63F-EDD8EC100F43}.Debug|Any CPU.ActiveCfg = Debug|Any CPU
		{4B8E20A1-BC78-4CEF-A63F-EDD8EC100F43}.Debug|Any CPU.Build.0 = Debug|Any CPU
		{4B8E20A1-BC78-4CEF-A63F-EDD8EC100F43}.Debug|x64.ActiveCfg = Debug|Any CPU
		{4B8E20A1-BC78-4CEF-A63F-EDD8EC100F43}.Debug|x64.Build.0 = Debug|Any CPU
		{4B8E20A1-BC78-4CEF-A63F-EDD8EC100F43}.Debug|x86.ActiveCfg = Debug|Any CPU
		{4B8E20A1-BC78-4CEF-A63F-EDD8EC100F43}.Debug|x86.Build.0 = Debug|Any CPU
		{4B8E20A1-BC78-4CEF-A63F-EDD8EC100F43}.Release|Any CPU.ActiveCfg = Release|Any CPU
		{4B8E20A1-BC78-4CEF-A63F-EDD8EC100F43}.Release|Any CPU.Build.0 = Release|Any CPU
		{4B8E20A1-BC78-4CEF-A63F-EDD8EC100F43}.Release|x64.ActiveCfg = Release|Any CPU
		{4B8E20A1-BC78-4CEF-A63F-EDD8EC100F43}.Release|x64.Build.0 = Release|Any CPU
		{4B8E20A1-BC78-4CEF-A63F-EDD8EC100F43}.Release|x86.ActiveCfg = Release|Any CPU
		{4B8E20A1-BC78-4CEF-A63F-EDD8EC100F43}.Release|x86.Build.0 = Release|Any CPU
	EndGlobalSection
	GlobalSection(SolutionProperties) = preSolution
		HideSolutionNode = FALSE
	EndGlobalSection
	GlobalSection(ExtensibilityGlobals) = postSolution
		SolutionGuid = {0B443F68-4009-4038-B03E-7EADBD09988C}
	EndGlobalSection
EndGlobal
